
Microsoft Visual Studio Solution File, Format Version 12.00
# Visual Studio Version 17
VisualStudioVersion = 17.10.34928.147
MinimumVisualStudioVersion = 10.0.40219.1
Project("{FAE04EC0-301F-11D3-BF4B-00C04F79EFBC}") = "ExamenFinalPratique", "ExamenFinalPratique.csproj", "{92C656E1-AE47-4DC4-8612-D352B0C1B64F}"
EndProject
Global
	GlobalSection(SolutionConfigurationPlatforms) = preSolution
		Debug|Any CPU = Debug|Any CPU
		Release|Any CPU = Release|Any CPU
	EndGlobalSection
	GlobalSection(ProjectConfigurationPlatforms) = postSolution
		{92C656E1-AE47-4DC4-8612-D352B0C1B64F}.Debug|Any CPU.ActiveCfg = Debug|Any CPU
		{92C656E1-AE47-4DC4-8612-D352B0C1B64F}.Debug|Any CPU.Build.0 = Debug|Any CPU
		{92C656E1-AE47-4DC4-8612-D352B0C1B64F}.Release|Any CPU.ActiveCfg = Release|Any CPU
		{92C656E1-AE47-4DC4-8612-D352B0C1B64F}.Release|Any CPU.Build.0 = Release|Any CPU
	EndGlobalSection
	GlobalSection(SolutionProperties) = preSolution
		HideSolutionNode = FALSE
	EndGlobalSection
	GlobalSection(ExtensibilityGlobals) = postSolution
		SolutionGuid = {0B23999C-7457-411F-A35A-B6B3FDD9B007}
	EndGlobalSection
EndGlobal
